
Microsoft Visual Studio Solution File, Format Version 12.00
# Visual Studio 15
VisualStudioVersion = 15.0.28307.489
MinimumVisualStudioVersion = 10.0.40219.1
Project("{FAE04EC0-301F-11D3-BF4B-00C04F79EFBC}") = "MaLib", "MaLib\MaLib.csproj", "{B21BD71C-B2C4-465D-B238-EB57854DDE77}"
EndProject
Project("{FAE04EC0-301F-11D3-BF4B-00C04F79EFBC}") = "MaLibTest", "MaLibTest\MaLibTest.csproj", "{E2BFC964-FC16-427E-8EA5-E5EA1A4F1594}"
EndProject
Global
	GlobalSection(SolutionConfigurationPlatforms) = preSolution
		Debug|Any CPU = Debug|Any CPU
		Release|Any CPU = Release|Any CPU
	EndGlobalSection
	GlobalSection(ProjectConfigurationPlatforms) = postSolution
		{B21BD71C-B2C4-465D-B238-EB57854DDE77}.Debug|Any CPU.ActiveCfg = Debug|Any CPU
		{B21BD71C-B2C4-465D-B238-EB57854DDE77}.Debug|Any CPU.Build.0 = Debug|Any CPU
		{B21BD71C-B2C4-465D-B238-EB57854DDE77}.Release|Any CPU.ActiveCfg = Release|Any CPU
		{B21BD71C-B2C4-465D-B238-EB57854DDE77}.Release|Any CPU.Build.0 = Release|Any CPU
		{E2BFC964-FC16-427E-8EA5-E5EA1A4F1594}.Debug|Any CPU.ActiveCfg = Debug|Any CPU
		{E2BFC964-FC16-427E-8EA5-E5EA1A4F1594}.Debug|Any CPU.Build.0 = Debug|Any CPU
		{E2BFC964-FC16-427E-8EA5-E5EA1A4F1594}.Release|Any CPU.ActiveCfg = Release|Any CPU
		{E2BFC964-FC16-427E-8EA5-E5EA1A4F1594}.Release|Any CPU.Build.0 = Release|Any CPU
	EndGlobalSection
	GlobalSection(SolutionProperties) = preSolution
		HideSolutionNode = FALSE
	EndGlobalSection
	GlobalSection(ExtensibilityGlobals) = postSolution
		SolutionGuid = {4FEFC745-7EC4-4EA5-A0A4-69DE078624EC}
	EndGlobalSection
EndGlobal
